# Generated by pub
# See http://pub.dartlang.org/doc/glossary.html#lockfile
packages:
  browser:
    description:
      name: browser
      url: "https://pub.dartlang.org"
    source: hosted
    version: "0.10.0+2"
  func:
    description:
      name: func
      url: "https://pub.dartlang.org"
    source: hosted
    version: "0.1.0"
  js:
    description:
      name: js
      url: "https://pub.dartlang.org"
    source: hosted
    version: "0.6.1"
sdks:
  dart: ">=1.19.0-dev.0.0 <2.0.0"
